
Microsoft Visual Studio Solution File, Format Version 12.00
# Visual Studio Version 17
VisualStudioVersion = 17.8.34525.116
MinimumVisualStudioVersion = 10.0.40219.1
Project("{FAE04EC0-301F-11D3-BF4B-00C04F79EFBC}") = "MauiToDo", "MauiToDo\MauiToDo.csproj", "{84B3EAF9-71F3-4974-998A-19F8C99C2423}"
EndProject
Global
	GlobalSection(SolutionConfigurationPlatforms) = preSolution
		Debug|Any CPU = Debug|Any CPU
		Release|Any CPU = Release|Any CPU
	EndGlobalSection
	GlobalSection(ProjectConfigurationPlatforms) = postSolution
		{84B3EAF9-71F3-4974-998A-19F8C99C2423}.Debug|Any CPU.ActiveCfg = Debug|Any CPU
		{84B3EAF9-71F3-4974-998A-19F8C99C2423}.Debug|Any CPU.Build.0 = Debug|Any CPU
		{84B3EAF9-71F3-4974-998A-19F8C99C2423}.Debug|Any CPU.Deploy.0 = Debug|Any CPU
		{84B3EAF9-71F3-4974-998A-19F8C99C2423}.Release|Any CPU.ActiveCfg = Release|Any CPU
		{84B3EAF9-71F3-4974-998A-19F8C99C2423}.Release|Any CPU.Build.0 = Release|Any CPU
		{84B3EAF9-71F3-4974-998A-19F8C99C2423}.Release|Any CPU.Deploy.0 = Release|Any CPU
	EndGlobalSection
	GlobalSection(SolutionProperties) = preSolution
		HideSolutionNode = FALSE
	EndGlobalSection
	GlobalSection(ExtensibilityGlobals) = postSolution
		SolutionGuid = {2EAF3FD9-F7E1-4CFC-A8F6-0D922758BA69}
	EndGlobalSection
EndGlobal
